// !$*UTF8*$!
{
	archiveVersion = 1;
	classes = {
	};
	objectVersion = 48;
	objects = {

/* Begin PBXBuildFile section */
		9A2E9A571F964AB100A772AE /* stb_image_aug.c in Sources */ = {isa = PBXBuildFile; fileRef = 9A2E9A561F964AAE00A772AE /* stb_image_aug.c */; };
		9ACF89241F963CFA00BCE1C5 /* Assets.xcassets in Resources */ = {isa = PBXBuildFile; fileRef = 9ACF89231F963CFA00BCE1C5 /* Assets.xcassets */; };
		9ACF89331F963EEF00BCE1C5 /* SDL2.framework in Frameworks */ = {isa = PBXBuildFile; fileRef = 9ACF89311F963EEE00BCE1C5 /* SDL2.framework */; };
		9ACF89351F963EF700BCE1C5 /* OpenGL.framework in Frameworks */ = {isa = PBXBuildFile; fileRef = 9ACF89341F963EF700BCE1C5 /* OpenGL.framework */; };
		9ACF89371F963F0900BCE1C5 /* libfreetype.6.dylib in Frameworks */ = {isa = PBXBuildFile; fileRef = 9ACF89361F963F0700BCE1C5 /* libfreetype.6.dylib */; };
		9ACF89511F96403700BCE1C5 /* engine.cpp in Sources */ = {isa = PBXBuildFile; fileRef = 9ACF89461F963FB800BCE1C5 /* engine.cpp */; };
		9ACF89521F96403800BCE1C5 /* freetype.cpp in Sources */ = {isa = PBXBuildFile; fileRef = 9ACF89471F963FB800BCE1C5 /* freetype.cpp */; };
		9ACF89531F96403A00BCE1C5 /* memory.cpp in Sources */ = {isa = PBXBuildFile; fileRef = 9ACF89481F963FB800BCE1C5 /* memory.cpp */; };
		9ACF89541F96403D00BCE1C5 /* opengl.cpp in Sources */ = {isa = PBXBuildFile; fileRef = 9ACF893D1F963FB600BCE1C5 /* opengl.cpp */; };
		9ACF89551F96404100BCE1C5 /* sdl2.cpp in Sources */ = {isa = PBXBuildFile; fileRef = 9ACF89431F963FB700BCE1C5 /* sdl2.cpp */; };
		9ACF89561F96404400BCE1C5 /* sound.cpp in Sources */ = {isa = PBXBuildFile; fileRef = 9ACF893F1F963FB700BCE1C5 /* sound.cpp */; };
		9ACF89571F96404A00BCE1C5 /* structures.cpp in Sources */ = {isa = PBXBuildFile; fileRef = 9ACF894C1F963FB800BCE1C5 /* structures.cpp */; };
		9ACF89581F96404C00BCE1C5 /* ui.cpp in Sources */ = {isa = PBXBuildFile; fileRef = 9ACF894E1F963FB900BCE1C5 /* ui.cpp */; };
		9ACF895A1F96410100BCE1C5 /* main.cpp in Sources */ = {isa = PBXBuildFile; fileRef = 9ACF89591F96406C00BCE1C5 /* main.cpp */; };
/* End PBXBuildFile section */

/* Begin PBXFileReference section */
		9A2E9A511F9649CF00A772AE /* stb_image_aug.h */ = {isa = PBXFileReference; lastKnownFileType = sourcecode.c.h; name = stb_image_aug.h; path = code/Engine/Include/stb_image/stb_image_aug.h; sourceTree = SOURCE_ROOT; };
		9A2E9A521F9649CF00A772AE /* stbi_DDS_aug.h */ = {isa = PBXFileReference; lastKnownFileType = sourcecode.c.h; name = stbi_DDS_aug.h; path = code/Engine/Include/stb_image/stbi_DDS_aug.h; sourceTree = SOURCE_ROOT; };
		9A2E9A531F9649CF00A772AE /* stbi_DDS_aug_c.h */ = {isa = PBXFileReference; lastKnownFileType = sourcecode.c.h; name = stbi_DDS_aug_c.h; path = code/Engine/Include/stb_image/stbi_DDS_aug_c.h; sourceTree = SOURCE_ROOT; };
		9A2E9A561F964AAE00A772AE /* stb_image_aug.c */ = {isa = PBXFileReference; lastKnownFileType = sourcecode.c.c; name = stb_image_aug.c; path = code/Engine/Include/stb_image/stb_image_aug.c; sourceTree = SOURCE_ROOT; };
		9A2E9A581F96525400A772AE /* os_wasm.hpp */ = {isa = PBXFileReference; lastKnownFileType = sourcecode.cpp.h; name = os_wasm.hpp; path = code/Engine/os_wasm.hpp; sourceTree = SOURCE_ROOT; };
		9ACF891D1F963CFA00BCE1C5 /* gallery-osx.app */ = {isa = PBXFileReference; explicitFileType = wrapper.application; includeInIndex = 0; path = "gallery-osx.app"; sourceTree = BUILT_PRODUCTS_DIR; };
		9ACF89231F963CFA00BCE1C5 /* Assets.xcassets */ = {isa = PBXFileReference; lastKnownFileType = folder.assetcatalog; path = Assets.xcassets; sourceTree = "<group>"; };
		9ACF89281F963CFA00BCE1C5 /* Info.plist */ = {isa = PBXFileReference; lastKnownFileType = text.plist.xml; path = Info.plist; sourceTree = "<group>"; };
		9ACF892B1F963CFB00BCE1C5 /* gallery_osx.entitlements */ = {isa = PBXFileReference; lastKnownFileType = text.plist.entitlements; path = gallery_osx.entitlements; sourceTree = "<group>"; };
		9ACF89311F963EEE00BCE1C5 /* SDL2.framework */ = {isa = PBXFileReference; lastKnownFileType = wrapper.framework; name = SDL2.framework; path = ../../../../../Library/Frameworks/SDL2.framework; sourceTree = "<group>"; };
		9ACF89341F963EF700BCE1C5 /* OpenGL.framework */ = {isa = PBXFileReference; lastKnownFileType = wrapper.framework; name = OpenGL.framework; path = System/Library/Frameworks/OpenGL.framework; sourceTree = SDKROOT; };
		9ACF89361F963F0700BCE1C5 /* libfreetype.6.dylib */ = {isa = PBXFileReference; lastKnownFileType = "compiled.mach-o.dylib"; name = libfreetype.6.dylib; path = ../../../../../usr/local/Cellar/freetype/2.6.3/lib/libfreetype.6.dylib; sourceTree = "<group>"; };
		9ACF893A1F963FB600BCE1C5 /* memory.hpp */ = {isa = PBXFileReference; lastKnownFileType = sourcecode.cpp.h; name = memory.hpp; path = code/Engine/memory.hpp; sourceTree = SOURCE_ROOT; };
		9ACF893B1F963FB600BCE1C5 /* sdl2.hpp */ = {isa = PBXFileReference; lastKnownFileType = sourcecode.cpp.h; name = sdl2.hpp; path = code/Engine/sdl2.hpp; sourceTree = SOURCE_ROOT; };
		9ACF893C1F963FB600BCE1C5 /* freetype.hpp */ = {isa = PBXFileReference; lastKnownFileType = sourcecode.cpp.h; name = freetype.hpp; path = code/Engine/freetype.hpp; sourceTree = SOURCE_ROOT; };
		9ACF893D1F963FB600BCE1C5 /* opengl.cpp */ = {isa = PBXFileReference; lastKnownFileType = sourcecode.cpp.cpp; name = opengl.cpp; path = code/Engine/opengl.cpp; sourceTree = SOURCE_ROOT; };
		9ACF893E1F963FB700BCE1C5 /* opengl.hpp */ = {isa = PBXFileReference; lastKnownFileType = sourcecode.cpp.h; name = opengl.hpp; path = code/Engine/opengl.hpp; sourceTree = SOURCE_ROOT; };
		9ACF893F1F963FB700BCE1C5 /* sound.cpp */ = {isa = PBXFileReference; lastKnownFileType = sourcecode.cpp.cpp; name = sound.cpp; path = code/Engine/sound.cpp; sourceTree = SOURCE_ROOT; };
		9ACF89401F963FB700BCE1C5 /* window.hpp */ = {isa = PBXFileReference; lastKnownFileType = sourcecode.cpp.h; name = window.hpp; path = code/Engine/window.hpp; sourceTree = SOURCE_ROOT; };
		9ACF89411F963FB700BCE1C5 /* engine.hpp */ = {isa = PBXFileReference; lastKnownFileType = sourcecode.cpp.h; name = engine.hpp; path = code/Engine/engine.hpp; sourceTree = SOURCE_ROOT; };
		9ACF89421F963FB700BCE1C5 /* sound.hpp */ = {isa = PBXFileReference; lastKnownFileType = sourcecode.cpp.h; name = sound.hpp; path = code/Engine/sound.hpp; sourceTree = SOURCE_ROOT; };
		9ACF89431F963FB700BCE1C5 /* sdl2.cpp */ = {isa = PBXFileReference; lastKnownFileType = sourcecode.cpp.cpp; name = sdl2.cpp; path = code/Engine/sdl2.cpp; sourceTree = SOURCE_ROOT; };
		9ACF89441F963FB700BCE1C5 /* structures.hpp */ = {isa = PBXFileReference; lastKnownFileType = sourcecode.cpp.h; name = structures.hpp; path = code/Engine/structures.hpp; sourceTree = SOURCE_ROOT; };
		9ACF89451F963FB700BCE1C5 /* config.hpp */ = {isa = PBXFileReference; lastKnownFileType = sourcecode.cpp.h; name = config.hpp; path = code/Engine/config.hpp; sourceTree = SOURCE_ROOT; };
		9ACF89461F963FB800BCE1C5 /* engine.cpp */ = {isa = PBXFileReference; lastKnownFileType = sourcecode.cpp.cpp; name = engine.cpp; path = code/Engine/engine.cpp; sourceTree = SOURCE_ROOT; };
		9ACF89471F963FB800BCE1C5 /* freetype.cpp */ = {isa = PBXFileReference; lastKnownFileType = sourcecode.cpp.cpp; name = freetype.cpp; path = code/Engine/freetype.cpp; sourceTree = SOURCE_ROOT; };
		9ACF89481F963FB800BCE1C5 /* memory.cpp */ = {isa = PBXFileReference; lastKnownFileType = sourcecode.cpp.cpp; name = memory.cpp; path = code/Engine/memory.cpp; sourceTree = SOURCE_ROOT; };
		9ACF89491F963FB800BCE1C5 /* os_windows.hpp */ = {isa = PBXFileReference; lastKnownFileType = sourcecode.cpp.h; name = os_windows.hpp; path = code/Engine/os_windows.hpp; sourceTree = SOURCE_ROOT; };
		9ACF894A1F963FB800BCE1C5 /* os.hpp */ = {isa = PBXFileReference; lastKnownFileType = sourcecode.cpp.h; name = os.hpp; path = code/Engine/os.hpp; sourceTree = SOURCE_ROOT; };
		9ACF894B1F963FB800BCE1C5 /* os_ios.hpp */ = {isa = PBXFileReference; lastKnownFileType = sourcecode.cpp.h; name = os_ios.hpp; path = code/Engine/os_ios.hpp; sourceTree = SOURCE_ROOT; };
		9ACF894C1F963FB800BCE1C5 /* structures.cpp */ = {isa = PBXFileReference; lastKnownFileType = sourcecode.cpp.cpp; name = structures.cpp; path = code/Engine/structures.cpp; sourceTree = SOURCE_ROOT; };
		9ACF894D1F963FB900BCE1C5 /* ui.hpp */ = {isa = PBXFileReference; lastKnownFileType = sourcecode.cpp.h; name = ui.hpp; path = code/Engine/ui.hpp; sourceTree = SOURCE_ROOT; };
		9ACF894E1F963FB900BCE1C5 /* ui.cpp */ = {isa = PBXFileReference; lastKnownFileType = sourcecode.cpp.cpp; name = ui.cpp; path = code/Engine/ui.cpp; sourceTree = SOURCE_ROOT; };
		9ACF894F1F963FB900BCE1C5 /* os_osx.hpp */ = {isa = PBXFileReference; lastKnownFileType = sourcecode.cpp.h; name = os_osx.hpp; path = code/Engine/os_osx.hpp; sourceTree = SOURCE_ROOT; };
		9ACF89591F96406C00BCE1C5 /* main.cpp */ = {isa = PBXFileReference; lastKnownFileType = sourcecode.cpp.cpp; name = main.cpp; path = code/main.cpp; sourceTree = SOURCE_ROOT; };
/* End PBXFileReference section */

/* Begin PBXFrameworksBuildPhase section */
		9ACF891A1F963CFA00BCE1C5 /* Frameworks */ = {
			isa = PBXFrameworksBuildPhase;
			buildActionMask = 2147483647;
			files = (
				9ACF89371F963F0900BCE1C5 /* libfreetype.6.dylib in Frameworks */,
				9ACF89351F963EF700BCE1C5 /* OpenGL.framework in Frameworks */,
				9ACF89331F963EEF00BCE1C5 /* SDL2.framework in Frameworks */,
			);
			runOnlyForDeploymentPostprocessing = 0;
		};
/* End PBXFrameworksBuildPhase section */

/* Begin PBXGroup section */
		9A2E9A431F96494000A772AE /* stb_image */ = {
			isa = PBXGroup;
			children = (
				9A2E9A561F964AAE00A772AE /* stb_image_aug.c */,
				9A2E9A511F9649CF00A772AE /* stb_image_aug.h */,
				9A2E9A531F9649CF00A772AE /* stbi_DDS_aug_c.h */,
				9A2E9A521F9649CF00A772AE /* stbi_DDS_aug.h */,
			);
			path = stb_image;
			sourceTree = "<group>";
		};
		9ACF89141F963CFA00BCE1C5 = {
			isa = PBXGroup;
			children = (
				9ACF89361F963F0700BCE1C5 /* libfreetype.6.dylib */,
				9ACF89311F963EEE00BCE1C5 /* SDL2.framework */,
				9ACF89381F963F7E00BCE1C5 /* Engine */,
				9ACF89391F963F8800BCE1C5 /* gallery */,
				9ACF891F1F963CFA00BCE1C5 /* gallery-osx */,
				9ACF891E1F963CFA00BCE1C5 /* Products */,
				9ACF89321F963EEF00BCE1C5 /* Frameworks */,
			);
			sourceTree = "<group>";
		};
		9ACF891E1F963CFA00BCE1C5 /* Products */ = {
			isa = PBXGroup;
			children = (
				9ACF891D1F963CFA00BCE1C5 /* gallery-osx.app */,
			);
			name = Products;
			sourceTree = "<group>";
		};
		9ACF891F1F963CFA00BCE1C5 /* gallery-osx */ = {
			isa = PBXGroup;
			children = (
				9ACF89231F963CFA00BCE1C5 /* Assets.xcassets */,
				9ACF89281F963CFA00BCE1C5 /* Info.plist */,
				9ACF892B1F963CFB00BCE1C5 /* gallery_osx.entitlements */,
			);
			path = "gallery-osx";
			sourceTree = "<group>";
		};
		9ACF89321F963EEF00BCE1C5 /* Frameworks */ = {
			isa = PBXGroup;
			children = (
				9ACF89341F963EF700BCE1C5 /* OpenGL.framework */,
			);
			name = Frameworks;
			sourceTree = "<group>";
		};
		9ACF89381F963F7E00BCE1C5 /* Engine */ = {
			isa = PBXGroup;
			children = (
				9ACF89451F963FB700BCE1C5 /* config.hpp */,
				9ACF89461F963FB800BCE1C5 /* engine.cpp */,
				9ACF89411F963FB700BCE1C5 /* engine.hpp */,
				9ACF89471F963FB800BCE1C5 /* freetype.cpp */,
				9ACF893C1F963FB600BCE1C5 /* freetype.hpp */,
				9ACF89481F963FB800BCE1C5 /* memory.cpp */,
				9ACF893A1F963FB600BCE1C5 /* memory.hpp */,
				9ACF893D1F963FB600BCE1C5 /* opengl.cpp */,
				9ACF893E1F963FB700BCE1C5 /* opengl.hpp */,
				9ACF894B1F963FB800BCE1C5 /* os_ios.hpp */,
				9ACF894F1F963FB900BCE1C5 /* os_osx.hpp */,
				9ACF89491F963FB800BCE1C5 /* os_windows.hpp */,
				9A2E9A581F96525400A772AE /* os_wasm.hpp */,
				9ACF894A1F963FB800BCE1C5 /* os.hpp */,
				9ACF89431F963FB700BCE1C5 /* sdl2.cpp */,
				9ACF893B1F963FB600BCE1C5 /* sdl2.hpp */,
				9ACF893F1F963FB700BCE1C5 /* sound.cpp */,
				9ACF89421F963FB700BCE1C5 /* sound.hpp */,
				9ACF894C1F963FB800BCE1C5 /* structures.cpp */,
				9ACF89441F963FB700BCE1C5 /* structures.hpp */,
				9ACF894E1F963FB900BCE1C5 /* ui.cpp */,
				9ACF894D1F963FB900BCE1C5 /* ui.hpp */,
				9ACF89401F963FB700BCE1C5 /* window.hpp */,
				9A2E9A431F96494000A772AE /* stb_image */,
			);
			path = Engine;
			sourceTree = "<group>";
		};
		9ACF89391F963F8800BCE1C5 /* gallery */ = {
			isa = PBXGroup;
			children = (
				9ACF89591F96406C00BCE1C5 /* main.cpp */,
			);
			path = gallery;
			sourceTree = "<group>";
		};
/* End PBXGroup section */

/* Begin PBXNativeTarget section */
		9ACF891C1F963CFA00BCE1C5 /* gallery-osx */ = {
			isa = PBXNativeTarget;
			buildConfigurationList = 9ACF892E1F963CFB00BCE1C5 /* Build configuration list for PBXNativeTarget "gallery-osx" */;
			buildPhases = (
				9ACF89191F963CFA00BCE1C5 /* Sources */,
				9ACF891A1F963CFA00BCE1C5 /* Frameworks */,
				9ACF891B1F963CFA00BCE1C5 /* Resources */,
			);
			buildRules = (
			);
			dependencies = (
			);
			name = "gallery-osx";
			productName = "gallery-osx";
			productReference = 9ACF891D1F963CFA00BCE1C5 /* gallery-osx.app */;
			productType = "com.apple.product-type.application";
		};
/* End PBXNativeTarget section */

/* Begin PBXProject section */
		9ACF89151F963CFA00BCE1C5 /* Project object */ = {
			isa = PBXProject;
			attributes = {
				LastUpgradeCheck = 0900;
				ORGANIZATIONNAME = "Nifty Ninja";
				TargetAttributes = {
					9ACF891C1F963CFA00BCE1C5 = {
						CreatedOnToolsVersion = 9.0;
						ProvisioningStyle = Automatic;
					};
				};
			};
			buildConfigurationList = 9ACF89181F963CFA00BCE1C5 /* Build configuration list for PBXProject "gallery-osx" */;
			compatibilityVersion = "Xcode 8.0";
			developmentRegion = en;
			hasScannedForEncodings = 0;
			knownRegions = (
				en,
				Base,
			);
			mainGroup = 9ACF89141F963CFA00BCE1C5;
			productRefGroup = 9ACF891E1F963CFA00BCE1C5 /* Products */;
			projectDirPath = "";
			projectRoot = "";
			targets = (
				9ACF891C1F963CFA00BCE1C5 /* gallery-osx */,
			);
		};
/* End PBXProject section */

/* Begin PBXResourcesBuildPhase section */
		9ACF891B1F963CFA00BCE1C5 /* Resources */ = {
			isa = PBXResourcesBuildPhase;
			buildActionMask = 2147483647;
			files = (
				9ACF89241F963CFA00BCE1C5 /* Assets.xcassets in Resources */,
			);
			runOnlyForDeploymentPostprocessing = 0;
		};
/* End PBXResourcesBuildPhase section */

/* Begin PBXSourcesBuildPhase section */
		9ACF89191F963CFA00BCE1C5 /* Sources */ = {
			isa = PBXSourcesBuildPhase;
			buildActionMask = 2147483647;
			files = (
				9A2E9A571F964AB100A772AE /* stb_image_aug.c in Sources */,
				9ACF89511F96403700BCE1C5 /* engine.cpp in Sources */,
				9ACF89521F96403800BCE1C5 /* freetype.cpp in Sources */,
				9ACF89531F96403A00BCE1C5 /* memory.cpp in Sources */,
				9ACF89541F96403D00BCE1C5 /* opengl.cpp in Sources */,
				9ACF89551F96404100BCE1C5 /* sdl2.cpp in Sources */,
				9ACF89561F96404400BCE1C5 /* sound.cpp in Sources */,
				9ACF89571F96404A00BCE1C5 /* structures.cpp in Sources */,
				9ACF89581F96404C00BCE1C5 /* ui.cpp in Sources */,
				9ACF895A1F96410100BCE1C5 /* main.cpp in Sources */,
			);
			runOnlyForDeploymentPostprocessing = 0;
		};
/* End PBXSourcesBuildPhase section */

/* Begin XCBuildConfiguration section */
		9ACF892C1F963CFB00BCE1C5 /* Debug */ = {
			isa = XCBuildConfiguration;
			buildSettings = {
				ALWAYS_SEARCH_USER_PATHS = NO;
				CLANG_ANALYZER_NONNULL = YES;
				CLANG_ANALYZER_NUMBER_OBJECT_CONVERSION = YES_AGGRESSIVE;
				CLANG_CXX_LANGUAGE_STANDARD = "gnu++14";
				CLANG_CXX_LIBRARY = "libc++";
				CLANG_ENABLE_MODULES = YES;
				CLANG_ENABLE_OBJC_ARC = YES;
				CLANG_WARN_BLOCK_CAPTURE_AUTORELEASING = YES;
				CLANG_WARN_BOOL_CONVERSION = YES;
				CLANG_WARN_COMMA = YES;
				CLANG_WARN_CONSTANT_CONVERSION = YES;
				CLANG_WARN_DIRECT_OBJC_ISA_USAGE = YES_ERROR;
				CLANG_WARN_DOCUMENTATION_COMMENTS = YES;
				CLANG_WARN_EMPTY_BODY = YES;
				CLANG_WARN_ENUM_CONVERSION = YES;
				CLANG_WARN_INFINITE_RECURSION = YES;
				CLANG_WARN_INT_CONVERSION = YES;
				CLANG_WARN_NON_LITERAL_NULL_CONVERSION = YES;
				CLANG_WARN_OBJC_LITERAL_CONVERSION = YES;
				CLANG_WARN_OBJC_ROOT_CLASS = YES_ERROR;
				CLANG_WARN_RANGE_LOOP_ANALYSIS = YES;
				CLANG_WARN_STRICT_PROTOTYPES = YES;
				CLANG_WARN_SUSPICIOUS_MOVE = YES;
				CLANG_WARN_UNGUARDED_AVAILABILITY = YES_AGGRESSIVE;
				CLANG_WARN_UNREACHABLE_CODE = YES;
				CLANG_WARN__DUPLICATE_METHOD_MATCH = YES;
				CODE_SIGN_IDENTITY = "-";
				COPY_PHASE_STRIP = NO;
				DEBUG_INFORMATION_FORMAT = dwarf;
				ENABLE_STRICT_OBJC_MSGSEND = YES;
				ENABLE_TESTABILITY = YES;
				GCC_C_LANGUAGE_STANDARD = gnu11;
				GCC_DYNAMIC_NO_PIC = NO;
				GCC_NO_COMMON_BLOCKS = YES;
				GCC_OPTIMIZATION_LEVEL = 0;
				GCC_PREPROCESSOR_DEFINITIONS = (
					"DEBUG=1",
					"$(inherited)",
				);
				GCC_WARN_64_TO_32_BIT_CONVERSION = YES;
				GCC_WARN_ABOUT_RETURN_TYPE = YES_ERROR;
				GCC_WARN_UNDECLARED_SELECTOR = YES;
				GCC_WARN_UNINITIALIZED_AUTOS = YES_AGGRESSIVE;
				GCC_WARN_UNUSED_FUNCTION = YES;
				GCC_WARN_UNUSED_VARIABLE = YES;
				MACOSX_DEPLOYMENT_TARGET = 10.13;
				MTL_ENABLE_DEBUG_INFO = YES;
				ONLY_ACTIVE_ARCH = YES;
				SDKROOT = macosx;
			};
			name = Debug;
		};
		9ACF892D1F963CFB00BCE1C5 /* Release */ = {
			isa = XCBuildConfiguration;
			buildSettings = {
				ALWAYS_SEARCH_USER_PATHS = NO;
				CLANG_ANALYZER_NONNULL = YES;
				CLANG_ANALYZER_NUMBER_OBJECT_CONVERSION = YES_AGGRESSIVE;
				CLANG_CXX_LANGUAGE_STANDARD = "gnu++14";
				CLANG_CXX_LIBRARY = "libc++";
				CLANG_ENABLE_MODULES = YES;
				CLANG_ENABLE_OBJC_ARC = YES;
				CLANG_WARN_BLOCK_CAPTURE_AUTORELEASING = YES;
				CLANG_WARN_BOOL_CONVERSION = YES;
				CLANG_WARN_COMMA = YES;
				CLANG_WARN_CONSTANT_CONVERSION = YES;
				CLANG_WARN_DIRECT_OBJC_ISA_USAGE = YES_ERROR;
				CLANG_WARN_DOCUMENTATION_COMMENTS = YES;
				CLANG_WARN_EMPTY_BODY = YES;
				CLANG_WARN_ENUM_CONVERSION = YES;
				CLANG_WARN_INFINITE_RECURSION = YES;
				CLANG_WARN_INT_CONVERSION = YES;
				CLANG_WARN_NON_LITERAL_NULL_CONVERSION = YES;
				CLANG_WARN_OBJC_LITERAL_CONVERSION = YES;
				CLANG_WARN_OBJC_ROOT_CLASS = YES_ERROR;
				CLANG_WARN_RANGE_LOOP_ANALYSIS = YES;
				CLANG_WARN_STRICT_PROTOTYPES = YES;
				CLANG_WARN_SUSPICIOUS_MOVE = YES;
				CLANG_WARN_UNGUARDED_AVAILABILITY = YES_AGGRESSIVE;
				CLANG_WARN_UNREACHABLE_CODE = YES;
				CLANG_WARN__DUPLICATE_METHOD_MATCH = YES;
				CODE_SIGN_IDENTITY = "-";
				COPY_PHASE_STRIP = NO;
				DEBUG_INFORMATION_FORMAT = "dwarf-with-dsym";
				ENABLE_NS_ASSERTIONS = NO;
				ENABLE_STRICT_OBJC_MSGSEND = YES;
				GCC_C_LANGUAGE_STANDARD = gnu11;
				GCC_NO_COMMON_BLOCKS = YES;
				GCC_WARN_64_TO_32_BIT_CONVERSION = YES;
				GCC_WARN_ABOUT_RETURN_TYPE = YES_ERROR;
				GCC_WARN_UNDECLARED_SELECTOR = YES;
				GCC_WARN_UNINITIALIZED_AUTOS = YES_AGGRESSIVE;
				GCC_WARN_UNUSED_FUNCTION = YES;
				GCC_WARN_UNUSED_VARIABLE = YES;
				MACOSX_DEPLOYMENT_TARGET = 10.13;
				MTL_ENABLE_DEBUG_INFO = NO;
				SDKROOT = macosx;
			};
			name = Release;
		};
		9ACF892F1F963CFB00BCE1C5 /* Debug */ = {
			isa = XCBuildConfiguration;
			buildSettings = {
				ASSETCATALOG_COMPILER_APPICON_NAME = AppIcon;
				CODE_SIGN_ENTITLEMENTS = "gallery-osx/gallery_osx.entitlements";
				CODE_SIGN_STYLE = Automatic;
				COMBINE_HIDPI_IMAGES = YES;
				FRAMEWORK_SEARCH_PATHS = (
					"$(inherited)",
					"$(LOCAL_LIBRARY_DIR)/Frameworks",
				);
				HEADER_SEARCH_PATHS = (
					/usr/local/include,
					/usr/local/Cellar/freetype/2.6.3/include/freetype2,
				);
				INFOPLIST_FILE = "gallery-osx/Info.plist";
				LD_RUNPATH_SEARCH_PATHS = "$(inherited) @executable_path/../Frameworks";
				LIBRARY_SEARCH_PATHS = (
					"$(inherited)",
					/usr/local/Cellar/freetype/2.6.3/lib,
				);
				PRODUCT_BUNDLE_IDENTIFIER = "com.niftyninja.gallery-osx";
				PRODUCT_NAME = "$(TARGET_NAME)";
			};
			name = Debug;
		};
		9ACF89301F963CFB00BCE1C5 /* Release */ = {
			isa = XCBuildConfiguration;
			buildSettings = {
				ASSETCATALOG_COMPILER_APPICON_NAME = AppIcon;
				CODE_SIGN_ENTITLEMENTS = "gallery-osx/gallery_osx.entitlements";
				CODE_SIGN_STYLE = Automatic;
				COMBINE_HIDPI_IMAGES = YES;
				FRAMEWORK_SEARCH_PATHS = (
					"$(inherited)",
					"$(LOCAL_LIBRARY_DIR)/Frameworks",
				);
				HEADER_SEARCH_PATHS = (
					/usr/local/include,
					/usr/local/Cellar/freetype/2.6.3/include/freetype2,
				);
				INFOPLIST_FILE = "gallery-osx/Info.plist";
				LD_RUNPATH_SEARCH_PATHS = "$(inherited) @executable_path/../Frameworks";
				LIBRARY_SEARCH_PATHS = (
					"$(inherited)",
					/usr/local/Cellar/freetype/2.6.3/lib,
				);
				PRODUCT_BUNDLE_IDENTIFIER = "com.niftyninja.gallery-osx";
				PRODUCT_NAME = "$(TARGET_NAME)";
			};
			name = Release;
		};
/* End XCBuildConfiguration section */

/* Begin XCConfigurationList section */
		9ACF89181F963CFA00BCE1C5 /* Build configuration list for PBXProject "gallery-osx" */ = {
			isa = XCConfigurationList;
			buildConfigurations = (
				9ACF892C1F963CFB00BCE1C5 /* Debug */,
				9ACF892D1F963CFB00BCE1C5 /* Release */,
			);
			defaultConfigurationIsVisible = 0;
			defaultConfigurationName = Release;
		};
		9ACF892E1F963CFB00BCE1C5 /* Build configuration list for PBXNativeTarget "gallery-osx" */ = {
			isa = XCConfigurationList;
			buildConfigurations = (
				9ACF892F1F963CFB00BCE1C5 /* Debug */,
				9ACF89301F963CFB00BCE1C5 /* Release */,
			);
			defaultConfigurationIsVisible = 0;
			defaultConfigurationName = Release;
		};
/* End XCConfigurationList section */
	};
	rootObject = 9ACF89151F963CFA00BCE1C5 /* Project object */;
}
